
Microsoft Visual Studio Solution File, Format Version 12.00
# Visual Studio Version 16
VisualStudioVersion = 16.0.32407.337
MinimumVisualStudioVersion = 10.0.40219.1
Project("{FAE04EC0-301F-11D3-BF4B-00C04F79EFBC}") = "PointandRectangle", "PointandRectangle\PointandRectangle.csproj", "{2156F51F-D3B5-46EC-A1FC-B04552A56411}"
EndProject
Global
	GlobalSection(SolutionConfigurationPlatforms) = preSolution
		Debug|Any CPU = Debug|Any CPU
		Release|Any CPU = Release|Any CPU
	EndGlobalSection
	GlobalSection(ProjectConfigurationPlatforms) = postSolution
		{2156F51F-D3B5-46EC-A1FC-B04552A56411}.Debug|Any CPU.ActiveCfg = Debug|Any CPU
		{2156F51F-D3B5-46EC-A1FC-B04552A56411}.Debug|Any CPU.Build.0 = Debug|Any CPU
		{2156F51F-D3B5-46EC-A1FC-B04552A56411}.Release|Any CPU.ActiveCfg = Release|Any CPU
		{2156F51F-D3B5-46EC-A1FC-B04552A56411}.Release|Any CPU.Build.0 = Release|Any CPU
	EndGlobalSection
	GlobalSection(SolutionProperties) = preSolution
		HideSolutionNode = FALSE
	EndGlobalSection
	GlobalSection(ExtensibilityGlobals) = postSolution
		SolutionGuid = {00D725F3-07C6-4A61-90A5-1CAA341156A7}
	EndGlobalSection
EndGlobal
