
Microsoft Visual Studio Solution File, Format Version 12.00
# Visual Studio Version 17
VisualStudioVersion = 17.2.32602.215
MinimumVisualStudioVersion = 10.0.40219.1
Project("{FAE04EC0-301F-11D3-BF4B-00C04F79EFBC}") = "Fruits_Game", "Fruits_Game\Fruits_Game.csproj", "{5339A6D4-4D0D-4E8B-8CAD-421BA4FCC117}"
EndProject
Global
	GlobalSection(SolutionConfigurationPlatforms) = preSolution
		Debug|Any CPU = Debug|Any CPU
		Release|Any CPU = Release|Any CPU
	EndGlobalSection
	GlobalSection(ProjectConfigurationPlatforms) = postSolution
		{5339A6D4-4D0D-4E8B-8CAD-421BA4FCC117}.Debug|Any CPU.ActiveCfg = Debug|Any CPU
		{5339A6D4-4D0D-4E8B-8CAD-421BA4FCC117}.Debug|Any CPU.Build.0 = Debug|Any CPU
		{5339A6D4-4D0D-4E8B-8CAD-421BA4FCC117}.Release|Any CPU.ActiveCfg = Release|Any CPU
		{5339A6D4-4D0D-4E8B-8CAD-421BA4FCC117}.Release|Any CPU.Build.0 = Release|Any CPU
	EndGlobalSection
	GlobalSection(SolutionProperties) = preSolution
		HideSolutionNode = FALSE
	EndGlobalSection
	GlobalSection(ExtensibilityGlobals) = postSolution
		SolutionGuid = {55009CA5-B044-4D2C-9814-CADD979AB4C6}
	EndGlobalSection
EndGlobal
