
Microsoft Visual Studio Solution File, Format Version 12.00
# Visual Studio Version 16
VisualStudioVersion = 16.0.33214.272
MinimumVisualStudioVersion = 10.0.40219.1
Project("{FAE04EC0-301F-11D3-BF4B-00C04F79EFBC}") = "Products", "Products\Products.csproj", "{BBDCAC6C-2169-4A42-A3FB-83F3F59B911F}"
EndProject
Global
	GlobalSection(SolutionConfigurationPlatforms) = preSolution
		Debug|Any CPU = Debug|Any CPU
		Release|Any CPU = Release|Any CPU
	EndGlobalSection
	GlobalSection(ProjectConfigurationPlatforms) = postSolution
		{BBDCAC6C-2169-4A42-A3FB-83F3F59B911F}.Debug|Any CPU.ActiveCfg = Debug|Any CPU
		{BBDCAC6C-2169-4A42-A3FB-83F3F59B911F}.Debug|Any CPU.Build.0 = Debug|Any CPU
		{BBDCAC6C-2169-4A42-A3FB-83F3F59B911F}.Release|Any CPU.ActiveCfg = Release|Any CPU
		{BBDCAC6C-2169-4A42-A3FB-83F3F59B911F}.Release|Any CPU.Build.0 = Release|Any CPU
	EndGlobalSection
	GlobalSection(SolutionProperties) = preSolution
		HideSolutionNode = FALSE
	EndGlobalSection
	GlobalSection(ExtensibilityGlobals) = postSolution
		SolutionGuid = {0EBCA69B-5A2D-4F9B-90DF-C8DA899F2EE2}
	EndGlobalSection
EndGlobal
