
Microsoft Visual Studio Solution File, Format Version 12.00
# Visual Studio Version 17
VisualStudioVersion = 17.5.33414.496
MinimumVisualStudioVersion = 10.0.40219.1
Project("{FAE04EC0-301F-11D3-BF4B-00C04F79EFBC}") = "MovieLibrary", "MovieLibrary\MovieLibrary.csproj", "{026FF739-8F7A-4332-84C8-5F61E78D0FA7}"
EndProject
Global
	GlobalSection(SolutionConfigurationPlatforms) = preSolution
		Debug|Any CPU = Debug|Any CPU
		Release|Any CPU = Release|Any CPU
	EndGlobalSection
	GlobalSection(ProjectConfigurationPlatforms) = postSolution
		{026FF739-8F7A-4332-84C8-5F61E78D0FA7}.Debug|Any CPU.ActiveCfg = Debug|Any CPU
		{026FF739-8F7A-4332-84C8-5F61E78D0FA7}.Debug|Any CPU.Build.0 = Debug|Any CPU
		{026FF739-8F7A-4332-84C8-5F61E78D0FA7}.Release|Any CPU.ActiveCfg = Release|Any CPU
		{026FF739-8F7A-4332-84C8-5F61E78D0FA7}.Release|Any CPU.Build.0 = Release|Any CPU
	EndGlobalSection
	GlobalSection(SolutionProperties) = preSolution
		HideSolutionNode = FALSE
	EndGlobalSection
	GlobalSection(ExtensibilityGlobals) = postSolution
		SolutionGuid = {4382F5E9-0403-4B7B-AB19-8BBE02D3BBCD}
	EndGlobalSection
EndGlobal
